// !$*UTF8*$!
{
	archiveVersion = 1;
	classes = {
	};
	objectVersion = 46;
	objects = {

/* Begin PBXBuildFile section */
		BAC60BBF1D6B3C9B00FCCBF3 /* main.m in Sources */ = {isa = PBXBuildFile; fileRef = BAC60BBE1D6B3C9B00FCCBF3 /* main.m */; };
		BAC60BC81D6B3C9B00FCCBF3 /* Main.storyboard in Resources */ = {isa = PBXBuildFile; fileRef = BAC60BC61D6B3C9B00FCCBF3 /* Main.storyboard */; };
		BAC60BCA1D6B3C9B00FCCBF3 /* Assets.xcassets in Resources */ = {isa = PBXBuildFile; fileRef = BAC60BC91D6B3C9B00FCCBF3 /* Assets.xcassets */; };
		BAC60BCD1D6B3C9B00FCCBF3 /* LaunchScreen.storyboard in Resources */ = {isa = PBXBuildFile; fileRef = BAC60BCB1D6B3C9B00FCCBF3 /* LaunchScreen.storyboard */; };
		BAC60BDB1D6B3CDE00FCCBF3 /* AppDelegate.m in Sources */ = {isa = PBXBuildFile; fileRef = BAC60BD71D6B3CDE00FCCBF3 /* AppDelegate.m */; };
		BAC60BDC1D6B3CDE00FCCBF3 /* ViewController.m in Sources */ = {isa = PBXBuildFile; fileRef = BAC60BDA1D6B3CDE00FCCBF3 /* ViewController.m */; };
		BAC60BE31D6B3DEC00FCCBF3 /* CXLogger.m in Sources */ = {isa = PBXBuildFile; fileRef = BAC60BE21D6B3DEC00FCCBF3 /* CXLogger.m */; };
		BAC60BE61D6B3F9000FCCBF3 /* CXLogEvent.m in Sources */ = {isa = PBXBuildFile; fileRef = BAC60BE51D6B3F9000FCCBF3 /* CXLogEvent.m */; };
		BAC60BE91D6B42BA00FCCBF3 /* PendingOperations.m in Sources */ = {isa = PBXBuildFile; fileRef = BAC60BE81D6B42BA00FCCBF3 /* PendingOperations.m */; };
		BAC60BEC1D6B42C600FCCBF3 /* LogglyLogTask.m in Sources */ = {isa = PBXBuildFile; fileRef = BAC60BEB1D6B42C600FCCBF3 /* LogglyLogTask.m */; };
/* End PBXBuildFile section */

/* Begin PBXFileReference section */
		BAC60BBA1D6B3C9B00FCCBF3 /* CXLogging.app */ = {isa = PBXFileReference; explicitFileType = wrapper.application; includeInIndex = 0; path = CXLogging.app; sourceTree = BUILT_PRODUCTS_DIR; };
		BAC60BBE1D6B3C9B00FCCBF3 /* main.m */ = {isa = PBXFileReference; lastKnownFileType = sourcecode.c.objc; path = main.m; sourceTree = "<group>"; };
		BAC60BC71D6B3C9B00FCCBF3 /* Base */ = {isa = PBXFileReference; lastKnownFileType = file.storyboard; name = Base; path = Base.lproj/Main.storyboard; sourceTree = "<group>"; };
		BAC60BC91D6B3C9B00FCCBF3 /* Assets.xcassets */ = {isa = PBXFileReference; lastKnownFileType = folder.assetcatalog; path = Assets.xcassets; sourceTree = "<group>"; };
		BAC60BCC1D6B3C9B00FCCBF3 /* Base */ = {isa = PBXFileReference; lastKnownFileType = file.storyboard; name = Base; path = Base.lproj/LaunchScreen.storyboard; sourceTree = "<group>"; };
		BAC60BCE1D6B3C9B00FCCBF3 /* Info.plist */ = {isa = PBXFileReference; lastKnownFileType = text.plist.xml; path = Info.plist; sourceTree = "<group>"; };
		BAC60BD61D6B3CDE00FCCBF3 /* AppDelegate.h */ = {isa = PBXFileReference; fileEncoding = 4; lastKnownFileType = sourcecode.c.h; path = AppDelegate.h; sourceTree = "<group>"; };
		BAC60BD71D6B3CDE00FCCBF3 /* AppDelegate.m */ = {isa = PBXFileReference; fileEncoding = 4; lastKnownFileType = sourcecode.c.objc; path = AppDelegate.m; sourceTree = "<group>"; };
		BAC60BD91D6B3CDE00FCCBF3 /* ViewController.h */ = {isa = PBXFileReference; fileEncoding = 4; lastKnownFileType = sourcecode.c.h; path = ViewController.h; sourceTree = "<group>"; };
		BAC60BDA1D6B3CDE00FCCBF3 /* ViewController.m */ = {isa = PBXFileReference; fileEncoding = 4; lastKnownFileType = sourcecode.c.objc; path = ViewController.m; sourceTree = "<group>"; };
		BAC60BE01D6B3D5300FCCBF3 /* Enums.h */ = {isa = PBXFileReference; fileEncoding = 4; lastKnownFileType = sourcecode.c.h; path = Enums.h; sourceTree = "<group>"; };
		BAC60BE11D6B3DEC00FCCBF3 /* CXLogger.h */ = {isa = PBXFileReference; fileEncoding = 4; lastKnownFileType = sourcecode.c.h; path = CXLogger.h; sourceTree = "<group>"; };
		BAC60BE21D6B3DEC00FCCBF3 /* CXLogger.m */ = {isa = PBXFileReference; fileEncoding = 4; lastKnownFileType = sourcecode.c.objc; path = CXLogger.m; sourceTree = "<group>"; };
		BAC60BE41D6B3F9000FCCBF3 /* CXLogEvent.h */ = {isa = PBXFileReference; fileEncoding = 4; lastKnownFileType = sourcecode.c.h; path = CXLogEvent.h; sourceTree = "<group>"; };
		BAC60BE51D6B3F9000FCCBF3 /* CXLogEvent.m */ = {isa = PBXFileReference; fileEncoding = 4; lastKnownFileType = sourcecode.c.objc; path = CXLogEvent.m; sourceTree = "<group>"; };
		BAC60BE71D6B42BA00FCCBF3 /* PendingOperations.h */ = {isa = PBXFileReference; fileEncoding = 4; lastKnownFileType = sourcecode.c.h; path = PendingOperations.h; sourceTree = "<group>"; };
		BAC60BE81D6B42BA00FCCBF3 /* PendingOperations.m */ = {isa = PBXFileReference; fileEncoding = 4; lastKnownFileType = sourcecode.c.objc; path = PendingOperations.m; sourceTree = "<group>"; };
		BAC60BEA1D6B42C600FCCBF3 /* LogglyLogTask.h */ = {isa = PBXFileReference; fileEncoding = 4; lastKnownFileType = sourcecode.c.h; path = LogglyLogTask.h; sourceTree = "<group>"; };
		BAC60BEB1D6B42C600FCCBF3 /* LogglyLogTask.m */ = {isa = PBXFileReference; fileEncoding = 4; lastKnownFileType = sourcecode.c.objc; path = LogglyLogTask.m; sourceTree = "<group>"; };
		BAC60BEE1D6B47BD00FCCBF3 /* Constants.h */ = {isa = PBXFileReference; fileEncoding = 4; lastKnownFileType = sourcecode.c.h; path = Constants.h; sourceTree = "<group>"; };
/* End PBXFileReference section */

/* Begin PBXFrameworksBuildPhase section */
		BAC60BB71D6B3C9B00FCCBF3 /* Frameworks */ = {
			isa = PBXFrameworksBuildPhase;
			buildActionMask = 2147483647;
			files = (
			);
			runOnlyForDeploymentPostprocessing = 0;
		};
/* End PBXFrameworksBuildPhase section */

/* Begin PBXGroup section */
		BAC60BB11D6B3C9B00FCCBF3 = {
			isa = PBXGroup;
			children = (
				BAC60BBC1D6B3C9B00FCCBF3 /* CXLogging */,
				BAC60BBB1D6B3C9B00FCCBF3 /* Products */,
			);
			sourceTree = "<group>";
		};
		BAC60BBB1D6B3C9B00FCCBF3 /* Products */ = {
			isa = PBXGroup;
			children = (
				BAC60BBA1D6B3C9B00FCCBF3 /* CXLogging.app */,
			);
			name = Products;
			sourceTree = "<group>";
		};
		BAC60BBC1D6B3C9B00FCCBF3 /* CXLogging */ = {
			isa = PBXGroup;
			children = (
				BAC60BD41D6B3CDE00FCCBF3 /* Classes */,
				BAC60BC61D6B3C9B00FCCBF3 /* Main.storyboard */,
				BAC60BC91D6B3C9B00FCCBF3 /* Assets.xcassets */,
				BAC60BCB1D6B3C9B00FCCBF3 /* LaunchScreen.storyboard */,
				BAC60BCE1D6B3C9B00FCCBF3 /* Info.plist */,
				BAC60BBD1D6B3C9B00FCCBF3 /* Supporting Files */,
			);
			path = CXLogging;
			sourceTree = "<group>";
		};
		BAC60BBD1D6B3C9B00FCCBF3 /* Supporting Files */ = {
			isa = PBXGroup;
			children = (
				BAC60BBE1D6B3C9B00FCCBF3 /* main.m */,
			);
			name = "Supporting Files";
			sourceTree = "<group>";
		};
		BAC60BD41D6B3CDE00FCCBF3 /* Classes */ = {
			isa = PBXGroup;
			children = (
				BAC60BDD1D6B3D5300FCCBF3 /* Logging */,
				BAC60BDE1D6B3D5300FCCBF3 /* Utilities */,
				BAC60BD51D6B3CDE00FCCBF3 /* AppDelegate */,
				BAC60BD81D6B3CDE00FCCBF3 /* Controllers */,
			);
			path = Classes;
			sourceTree = "<group>";
		};
		BAC60BD51D6B3CDE00FCCBF3 /* AppDelegate */ = {
			isa = PBXGroup;
			children = (
				BAC60BD61D6B3CDE00FCCBF3 /* AppDelegate.h */,
				BAC60BD71D6B3CDE00FCCBF3 /* AppDelegate.m */,
			);
			path = AppDelegate;
			sourceTree = "<group>";
		};
		BAC60BD81D6B3CDE00FCCBF3 /* Controllers */ = {
			isa = PBXGroup;
			children = (
				BAC60BD91D6B3CDE00FCCBF3 /* ViewController.h */,
				BAC60BDA1D6B3CDE00FCCBF3 /* ViewController.m */,
			);
			path = Controllers;
			sourceTree = "<group>";
		};
		BAC60BDD1D6B3D5300FCCBF3 /* Logging */ = {
			isa = PBXGroup;
			children = (
				BAC60BE71D6B42BA00FCCBF3 /* PendingOperations.h */,
				BAC60BE81D6B42BA00FCCBF3 /* PendingOperations.m */,
				BAC60BE11D6B3DEC00FCCBF3 /* CXLogger.h */,
				BAC60BE21D6B3DEC00FCCBF3 /* CXLogger.m */,
				BAC60BE41D6B3F9000FCCBF3 /* CXLogEvent.h */,
				BAC60BE51D6B3F9000FCCBF3 /* CXLogEvent.m */,
				BAC60BEA1D6B42C600FCCBF3 /* LogglyLogTask.h */,
				BAC60BEB1D6B42C600FCCBF3 /* LogglyLogTask.m */,
			);
			path = Logging;
			sourceTree = "<group>";
		};
		BAC60BDE1D6B3D5300FCCBF3 /* Utilities */ = {
			isa = PBXGroup;
			children = (
				BAC60BEE1D6B47BD00FCCBF3 /* Constants.h */,
				BAC60BE01D6B3D5300FCCBF3 /* Enums.h */,
			);
			path = Utilities;
			sourceTree = "<group>";
		};
/* End PBXGroup section */

/* Begin PBXNativeTarget section */
		BAC60BB91D6B3C9B00FCCBF3 /* CXLogging */ = {
			isa = PBXNativeTarget;
			buildConfigurationList = BAC60BD11D6B3C9B00FCCBF3 /* Build configuration list for PBXNativeTarget "CXLogging" */;
			buildPhases = (
				BAC60BB61D6B3C9B00FCCBF3 /* Sources */,
				BAC60BB71D6B3C9B00FCCBF3 /* Frameworks */,
				BAC60BB81D6B3C9B00FCCBF3 /* Resources */,
			);
			buildRules = (
			);
			dependencies = (
			);
			name = CXLogging;
			productName = CXLogging;
			productReference = BAC60BBA1D6B3C9B00FCCBF3 /* CXLogging.app */;
			productType = "com.apple.product-type.application";
		};
/* End PBXNativeTarget section */

/* Begin PBXProject section */
		BAC60BB21D6B3C9B00FCCBF3 /* Project object */ = {
			isa = PBXProject;
			attributes = {
				LastUpgradeCheck = 0730;
				ORGANIZATIONNAME = Saira;
				TargetAttributes = {
					BAC60BB91D6B3C9B00FCCBF3 = {
						CreatedOnToolsVersion = 7.3.1;
					};
				};
			};
			buildConfigurationList = BAC60BB51D6B3C9B00FCCBF3 /* Build configuration list for PBXProject "CXLogging" */;
			compatibilityVersion = "Xcode 3.2";
			developmentRegion = English;
			hasScannedForEncodings = 0;
			knownRegions = (
				en,
				Base,
			);
			mainGroup = BAC60BB11D6B3C9B00FCCBF3;
			productRefGroup = BAC60BBB1D6B3C9B00FCCBF3 /* Products */;
			projectDirPath = "";
			projectRoot = "";
			targets = (
				BAC60BB91D6B3C9B00FCCBF3 /* CXLogging */,
			);
		};
/* End PBXProject section */

/* Begin PBXResourcesBuildPhase section */
		BAC60BB81D6B3C9B00FCCBF3 /* Resources */ = {
			isa = PBXResourcesBuildPhase;
			buildActionMask = 2147483647;
			files = (
				BAC60BCD1D6B3C9B00FCCBF3 /* LaunchScreen.storyboard in Resources */,
				BAC60BCA1D6B3C9B00FCCBF3 /* Assets.xcassets in Resources */,
				BAC60BC81D6B3C9B00FCCBF3 /* Main.storyboard in Resources */,
			);
			runOnlyForDeploymentPostprocessing = 0;
		};
/* End PBXResourcesBuildPhase section */

/* Begin PBXSourcesBuildPhase section */
		BAC60BB61D6B3C9B00FCCBF3 /* Sources */ = {
			isa = PBXSourcesBuildPhase;
			buildActionMask = 2147483647;
			files = (
				BAC60BE31D6B3DEC00FCCBF3 /* CXLogger.m in Sources */,
				BAC60BE61D6B3F9000FCCBF3 /* CXLogEvent.m in Sources */,
				BAC60BEC1D6B42C600FCCBF3 /* LogglyLogTask.m in Sources */,
				BAC60BDC1D6B3CDE00FCCBF3 /* ViewController.m in Sources */,
				BAC60BDB1D6B3CDE00FCCBF3 /* AppDelegate.m in Sources */,
				BAC60BBF1D6B3C9B00FCCBF3 /* main.m in Sources */,
				BAC60BE91D6B42BA00FCCBF3 /* PendingOperations.m in Sources */,
			);
			runOnlyForDeploymentPostprocessing = 0;
		};
/* End PBXSourcesBuildPhase section */

/* Begin PBXVariantGroup section */
		BAC60BC61D6B3C9B00FCCBF3 /* Main.storyboard */ = {
			isa = PBXVariantGroup;
			children = (
				BAC60BC71D6B3C9B00FCCBF3 /* Base */,
			);
			name = Main.storyboard;
			sourceTree = "<group>";
		};
		BAC60BCB1D6B3C9B00FCCBF3 /* LaunchScreen.storyboard */ = {
			isa = PBXVariantGroup;
			children = (
				BAC60BCC1D6B3C9B00FCCBF3 /* Base */,
			);
			name = LaunchScreen.storyboard;
			sourceTree = "<group>";
		};
/* End PBXVariantGroup section */

/* Begin XCBuildConfiguration section */
		BAC60BCF1D6B3C9B00FCCBF3 /* Debug */ = {
			isa = XCBuildConfiguration;
			buildSettings = {
				ALWAYS_SEARCH_USER_PATHS = NO;
				CLANG_ANALYZER_NONNULL = YES;
				CLANG_CXX_LANGUAGE_STANDARD = "gnu++0x";
				CLANG_CXX_LIBRARY = "libc++";
				CLANG_ENABLE_MODULES = YES;
				CLANG_ENABLE_OBJC_ARC = YES;
				CLANG_WARN_BOOL_CONVERSION = YES;
				CLANG_WARN_CONSTANT_CONVERSION = YES;
				CLANG_WARN_DIRECT_OBJC_ISA_USAGE = YES_ERROR;
				CLANG_WARN_EMPTY_BODY = YES;
				CLANG_WARN_ENUM_CONVERSION = YES;
				CLANG_WARN_INT_CONVERSION = YES;
				CLANG_WARN_OBJC_ROOT_CLASS = YES_ERROR;
				CLANG_WARN_UNREACHABLE_CODE = YES;
				CLANG_WARN__DUPLICATE_METHOD_MATCH = YES;
				"CODE_SIGN_IDENTITY[sdk=iphoneos*]" = "iPhone Developer";
				COPY_PHASE_STRIP = NO;
				DEBUG_INFORMATION_FORMAT = dwarf;
				ENABLE_STRICT_OBJC_MSGSEND = YES;
				ENABLE_TESTABILITY = YES;
				GCC_C_LANGUAGE_STANDARD = gnu99;
				GCC_DYNAMIC_NO_PIC = NO;
				GCC_NO_COMMON_BLOCKS = YES;
				GCC_OPTIMIZATION_LEVEL = 0;
				GCC_PREPROCESSOR_DEFINITIONS = (
					"DEBUG=1",
					"$(inherited)",
				);
				GCC_WARN_64_TO_32_BIT_CONVERSION = YES;
				GCC_WARN_ABOUT_RETURN_TYPE = YES_ERROR;
				GCC_WARN_UNDECLARED_SELECTOR = YES;
				GCC_WARN_UNINITIALIZED_AUTOS = YES_AGGRESSIVE;
				GCC_WARN_UNUSED_FUNCTION = YES;
				GCC_WARN_UNUSED_VARIABLE = YES;
				IPHONEOS_DEPLOYMENT_TARGET = 9.3;
				MTL_ENABLE_DEBUG_INFO = YES;
				ONLY_ACTIVE_ARCH = YES;
				SDKROOT = iphoneos;
			};
			name = Debug;
		};
		BAC60BD01D6B3C9B00FCCBF3 /* Release */ = {
			isa = XCBuildConfiguration;
			buildSettings = {
				ALWAYS_SEARCH_USER_PATHS = NO;
				CLANG_ANALYZER_NONNULL = YES;
				CLANG_CXX_LANGUAGE_STANDARD = "gnu++0x";
				CLANG_CXX_LIBRARY = "libc++";
				CLANG_ENABLE_MODULES = YES;
				CLANG_ENABLE_OBJC_ARC = YES;
				CLANG_WARN_BOOL_CONVERSION = YES;
				CLANG_WARN_CONSTANT_CONVERSION = YES;
				CLANG_WARN_DIRECT_OBJC_ISA_USAGE = YES_ERROR;
				CLANG_WARN_EMPTY_BODY = YES;
				CLANG_WARN_ENUM_CONVERSION = YES;
				CLANG_WARN_INT_CONVERSION = YES;
				CLANG_WARN_OBJC_ROOT_CLASS = YES_ERROR;
				CLANG_WARN_UNREACHABLE_CODE = YES;
				CLANG_WARN__DUPLICATE_METHOD_MATCH = YES;
				"CODE_SIGN_IDENTITY[sdk=iphoneos*]" = "iPhone Developer";
				COPY_PHASE_STRIP = NO;
				DEBUG_INFORMATION_FORMAT = "dwarf-with-dsym";
				ENABLE_NS_ASSERTIONS = NO;
				ENABLE_STRICT_OBJC_MSGSEND = YES;
				GCC_C_LANGUAGE_STANDARD = gnu99;
				GCC_NO_COMMON_BLOCKS = YES;
				GCC_WARN_64_TO_32_BIT_CONVERSION = YES;
				GCC_WARN_ABOUT_RETURN_TYPE = YES_ERROR;
				GCC_WARN_UNDECLARED_SELECTOR = YES;
				GCC_WARN_UNINITIALIZED_AUTOS = YES_AGGRESSIVE;
				GCC_WARN_UNUSED_FUNCTION = YES;
				GCC_WARN_UNUSED_VARIABLE = YES;
				IPHONEOS_DEPLOYMENT_TARGET = 9.3;
				MTL_ENABLE_DEBUG_INFO = NO;
				SDKROOT = iphoneos;
				VALIDATE_PRODUCT = YES;
			};
			name = Release;
		};
		BAC60BD21D6B3C9B00FCCBF3 /* Debug */ = {
			isa = XCBuildConfiguration;
			buildSettings = {
				ASSETCATALOG_COMPILER_APPICON_NAME = AppIcon;
				INFOPLIST_FILE = CXLogging/Info.plist;
				LD_RUNPATH_SEARCH_PATHS = "$(inherited) @executable_path/Frameworks";
				PRODUCT_BUNDLE_IDENTIFIER = com.clustox.CXLogging;
				PRODUCT_NAME = "$(TARGET_NAME)";
			};
			name = Debug;
		};
		BAC60BD31D6B3C9B00FCCBF3 /* Release */ = {
			isa = XCBuildConfiguration;
			buildSettings = {
				ASSETCATALOG_COMPILER_APPICON_NAME = AppIcon;
				INFOPLIST_FILE = CXLogging/Info.plist;
				LD_RUNPATH_SEARCH_PATHS = "$(inherited) @executable_path/Frameworks";
				PRODUCT_BUNDLE_IDENTIFIER = com.clustox.CXLogging;
				PRODUCT_NAME = "$(TARGET_NAME)";
			};
			name = Release;
		};
/* End XCBuildConfiguration section */

/* Begin XCConfigurationList section */
		BAC60BB51D6B3C9B00FCCBF3 /* Build configuration list for PBXProject "CXLogging" */ = {
			isa = XCConfigurationList;
			buildConfigurations = (
				BAC60BCF1D6B3C9B00FCCBF3 /* Debug */,
				BAC60BD01D6B3C9B00FCCBF3 /* Release */,
			);
			defaultConfigurationIsVisible = 0;
			defaultConfigurationName = Release;
		};
		BAC60BD11D6B3C9B00FCCBF3 /* Build configuration list for PBXNativeTarget "CXLogging" */ = {
			isa = XCConfigurationList;
			buildConfigurations = (
				BAC60BD21D6B3C9B00FCCBF3 /* Debug */,
				BAC60BD31D6B3C9B00FCCBF3 /* Release */,
			);
			defaultConfigurationIsVisible = 0;
		};
/* End XCConfigurationList section */
	};
	rootObject = BAC60BB21D6B3C9B00FCCBF3 /* Project object */;
}
